
Microsoft Visual Studio Solution File, Format Version 12.00
# Visual Studio Version 17
VisualStudioVersion = 17.10.35122.118
MinimumVisualStudioVersion = 10.0.40219.1
Project("{2150E333-8FDC-42A3-9474-1A3956D46DE8}") = "Services", "Services", "{97EB52BE-1126-4318-B9A9-BB5A9B7E5148}"
EndProject
Project("{2150E333-8FDC-42A3-9474-1A3956D46DE8}") = "Catalog", "Catalog", "{BD027D85-AAFF-4F09-A237-4F9EDA7C9ABD}"
EndProject
Project("{9A19103F-16F7-4668-BE54-9A1E7A4F7556}") = "Catalog.API", "Services\Catalog\Catalog.API\Catalog.API.csproj", "{67326275-3AC5-439D-90B2-5A872DBCE6A3}"
EndProject
Project("{2150E333-8FDC-42A3-9474-1A3956D46DE8}") = "BuildingBlocks", "BuildingBlocks", "{BDF10B18-637D-46F6-9E24-9F89291D5B42}"
EndProject
Project("{FAE04EC0-301F-11D3-BF4B-00C04F79EFBC}") = "BuildingBlocks", "BuildingBlocks\BuildingBlocks\BuildingBlocks.csproj", "{7131BD97-1EEF-45A0-8421-A91A7CAB1FB3}"
EndProject
Project("{E53339B2-1760-4266-BCC7-CA923CBCF16C}") = "docker-compose", "docker-compose.dcproj", "{A96861B5-2856-4702-96AC-202B4A65BD84}"
EndProject
Global
	GlobalSection(SolutionConfigurationPlatforms) = preSolution
		Debug|Any CPU = Debug|Any CPU
		Release|Any CPU = Release|Any CPU
	EndGlobalSection
	GlobalSection(ProjectConfigurationPlatforms) = postSolution
		{67326275-3AC5-439D-90B2-5A872DBCE6A3}.Debug|Any CPU.ActiveCfg = Debug|Any CPU
		{67326275-3AC5-439D-90B2-5A872DBCE6A3}.Debug|Any CPU.Build.0 = Debug|Any CPU
		{67326275-3AC5-439D-90B2-5A872DBCE6A3}.Release|Any CPU.ActiveCfg = Release|Any CPU
		{67326275-3AC5-439D-90B2-5A872DBCE6A3}.Release|Any CPU.Build.0 = Release|Any CPU
		{7131BD97-1EEF-45A0-8421-A91A7CAB1FB3}.Debug|Any CPU.ActiveCfg = Debug|Any CPU
		{7131BD97-1EEF-45A0-8421-A91A7CAB1FB3}.Debug|Any CPU.Build.0 = Debug|Any CPU
		{7131BD97-1EEF-45A0-8421-A91A7CAB1FB3}.Release|Any CPU.ActiveCfg = Release|Any CPU
		{7131BD97-1EEF-45A0-8421-A91A7CAB1FB3}.Release|Any CPU.Build.0 = Release|Any CPU
		{A96861B5-2856-4702-96AC-202B4A65BD84}.Debug|Any CPU.ActiveCfg = Debug|Any CPU
		{A96861B5-2856-4702-96AC-202B4A65BD84}.Debug|Any CPU.Build.0 = Debug|Any CPU
		{A96861B5-2856-4702-96AC-202B4A65BD84}.Release|Any CPU.ActiveCfg = Release|Any CPU
		{A96861B5-2856-4702-96AC-202B4A65BD84}.Release|Any CPU.Build.0 = Release|Any CPU
	EndGlobalSection
	GlobalSection(SolutionProperties) = preSolution
		HideSolutionNode = FALSE
	EndGlobalSection
	GlobalSection(NestedProjects) = preSolution
		{BD027D85-AAFF-4F09-A237-4F9EDA7C9ABD} = {97EB52BE-1126-4318-B9A9-BB5A9B7E5148}
		{67326275-3AC5-439D-90B2-5A872DBCE6A3} = {BD027D85-AAFF-4F09-A237-4F9EDA7C9ABD}
		{7131BD97-1EEF-45A0-8421-A91A7CAB1FB3} = {BDF10B18-637D-46F6-9E24-9F89291D5B42}
	EndGlobalSection
	GlobalSection(ExtensibilityGlobals) = postSolution
		SolutionGuid = {2817DC54-3DE5-4CC5-8D2B-07E68C5F1F84}
	EndGlobalSection
EndGlobal
