
Microsoft Visual Studio Solution File, Format Version 12.00
# Visual Studio Version 17
VisualStudioVersion = 17.10.35122.118
MinimumVisualStudioVersion = 10.0.40219.1
Project("{2150E333-8FDC-42A3-9474-1A3956D46DE8}") = "Services", "Services", "{97EB52BE-1126-4318-B9A9-BB5A9B7E5148}"
EndProject
Project("{2150E333-8FDC-42A3-9474-1A3956D46DE8}") = "Catalog", "Catalog", "{BD027D85-AAFF-4F09-A237-4F9EDA7C9ABD}"
EndProject
Project("{9A19103F-16F7-4668-BE54-9A1E7A4F7556}") = "Catalog.API", "Services\Catalog\Catalog.API\Catalog.API.csproj", "{67326275-3AC5-439D-90B2-5A872DBCE6A3}"
EndProject
Project("{2150E333-8FDC-42A3-9474-1A3956D46DE8}") = "BuildingBlocks", "BuildingBlocks", "{BDF10B18-637D-46F6-9E24-9F89291D5B42}"
EndProject
Project("{9A19103F-16F7-4668-BE54-9A1E7A4F7556}") = "BuildingBlocks", "BuildingBlocks\BuildingBlocks\BuildingBlocks.csproj", "{7131BD97-1EEF-45A0-8421-A91A7CAB1FB3}"
EndProject
Project("{E53339B2-1760-4266-BCC7-CA923CBCF16C}") = "docker-compose", "docker-compose.dcproj", "{A96861B5-2856-4702-96AC-202B4A65BD84}"
EndProject
Project("{2150E333-8FDC-42A3-9474-1A3956D46DE8}") = "Basket", "Basket", "{8407DD4F-4ECD-4DE4-A0B8-F7DEF157CF23}"
EndProject
Project("{9A19103F-16F7-4668-BE54-9A1E7A4F7556}") = "Basket.API", "Services\Basket\Basket.API\Basket.API.csproj", "{4F866837-905A-4774-BEEA-F0FF70C42029}"
EndProject
Project("{9A19103F-16F7-4668-BE54-9A1E7A4F7556}") = "BuildingBlocks.Messaging", "BuildingBlocks\BuildingBlocks.Messaging\BuildingBlocks.Messaging.csproj", "{18FA2FF6-1494-4FD8-A220-AB2E65B1228D}"
EndProject
Project("{2150E333-8FDC-42A3-9474-1A3956D46DE8}") = "Discount", "Discount", "{9C6D4929-48A2-4C1A-9C9A-4B381701AD66}"
EndProject
Project("{9A19103F-16F7-4668-BE54-9A1E7A4F7556}") = "Discount.Grpc", "Services\Discount\Discount.Grpc\Discount.Grpc.csproj", "{8C07FA63-CF5F-4F6E-B858-C8DD401A8466}"
EndProject
Project("{2150E333-8FDC-42A3-9474-1A3956D46DE8}") = "Ordering", "Ordering", "{DC8D4952-BEA5-4C49-8E70-445C4AAB0D68}"
EndProject
Project("{9A19103F-16F7-4668-BE54-9A1E7A4F7556}") = "Ordering.API", "Services\Ordering\Ordering.API\Ordering.API.csproj", "{7888257E-6F2E-4EA8-9FB0-54F65182D0F4}"
EndProject
Project("{9A19103F-16F7-4668-BE54-9A1E7A4F7556}") = "Ordering.Application", "Services\Ordering\Ordering.Application\Ordering.Application.csproj", "{D6AAC3F9-68F0-4381-9E47-21D57F47C8A5}"
EndProject
Project("{9A19103F-16F7-4668-BE54-9A1E7A4F7556}") = "Ordering.Domain", "Services\Ordering\Ordering.Domain\Ordering.Domain.csproj", "{4D40E684-4406-4F4C-B3E5-66E4A31851B6}"
EndProject
Project("{9A19103F-16F7-4668-BE54-9A1E7A4F7556}") = "Ordering.Infrastructure", "Services\Ordering\Ordering.Infrastructure\Ordering.Infrastructure.csproj", "{A0E478FB-648B-419D-8D72-26C6E552DA04}"
EndProject
Project("{2150E333-8FDC-42A3-9474-1A3956D46DE8}") = "ApiGateways", "ApiGateways", "{D8091E74-F17B-41D5-A613-34B9EF29B8E8}"
EndProject
Project("{FAE04EC0-301F-11D3-BF4B-00C04F79EFBC}") = "YarpApiGateway", "YarpApiGateway\YarpApiGateway\YarpApiGateway.csproj", "{A9C5FA5D-88EC-4F29-A6DB-088834FF8D7C}"
EndProject
Project("{2150E333-8FDC-42A3-9474-1A3956D46DE8}") = "WebApps", "WebApps", "{468F0A6F-6B54-40AF-9FD2-94BAF05491FB}"
EndProject
Project("{FAE04EC0-301F-11D3-BF4B-00C04F79EFBC}") = "Shopping.Web", "WebApps\Shopping.Web\Shopping.Web.csproj", "{8EA60844-71FE-4710-836B-443D5BF26700}"
EndProject
Global
	GlobalSection(SolutionConfigurationPlatforms) = preSolution
		Debug|Any CPU = Debug|Any CPU
		Release|Any CPU = Release|Any CPU
	EndGlobalSection
	GlobalSection(ProjectConfigurationPlatforms) = postSolution
		{67326275-3AC5-439D-90B2-5A872DBCE6A3}.Debug|Any CPU.ActiveCfg = Debug|Any CPU
		{67326275-3AC5-439D-90B2-5A872DBCE6A3}.Debug|Any CPU.Build.0 = Debug|Any CPU
		{67326275-3AC5-439D-90B2-5A872DBCE6A3}.Release|Any CPU.ActiveCfg = Release|Any CPU
		{67326275-3AC5-439D-90B2-5A872DBCE6A3}.Release|Any CPU.Build.0 = Release|Any CPU
		{7131BD97-1EEF-45A0-8421-A91A7CAB1FB3}.Debug|Any CPU.ActiveCfg = Debug|Any CPU
		{7131BD97-1EEF-45A0-8421-A91A7CAB1FB3}.Debug|Any CPU.Build.0 = Debug|Any CPU
		{7131BD97-1EEF-45A0-8421-A91A7CAB1FB3}.Release|Any CPU.ActiveCfg = Release|Any CPU
		{7131BD97-1EEF-45A0-8421-A91A7CAB1FB3}.Release|Any CPU.Build.0 = Release|Any CPU
		{A96861B5-2856-4702-96AC-202B4A65BD84}.Debug|Any CPU.ActiveCfg = Debug|Any CPU
		{A96861B5-2856-4702-96AC-202B4A65BD84}.Debug|Any CPU.Build.0 = Debug|Any CPU
		{A96861B5-2856-4702-96AC-202B4A65BD84}.Release|Any CPU.ActiveCfg = Release|Any CPU
		{A96861B5-2856-4702-96AC-202B4A65BD84}.Release|Any CPU.Build.0 = Release|Any CPU
		{4F866837-905A-4774-BEEA-F0FF70C42029}.Debug|Any CPU.ActiveCfg = Debug|Any CPU
		{4F866837-905A-4774-BEEA-F0FF70C42029}.Debug|Any CPU.Build.0 = Debug|Any CPU
		{4F866837-905A-4774-BEEA-F0FF70C42029}.Release|Any CPU.ActiveCfg = Release|Any CPU
		{4F866837-905A-4774-BEEA-F0FF70C42029}.Release|Any CPU.Build.0 = Release|Any CPU
		{18FA2FF6-1494-4FD8-A220-AB2E65B1228D}.Debug|Any CPU.ActiveCfg = Debug|Any CPU
		{18FA2FF6-1494-4FD8-A220-AB2E65B1228D}.Debug|Any CPU.Build.0 = Debug|Any CPU
		{18FA2FF6-1494-4FD8-A220-AB2E65B1228D}.Release|Any CPU.ActiveCfg = Release|Any CPU
		{18FA2FF6-1494-4FD8-A220-AB2E65B1228D}.Release|Any CPU.Build.0 = Release|Any CPU
		{8C07FA63-CF5F-4F6E-B858-C8DD401A8466}.Debug|Any CPU.ActiveCfg = Debug|Any CPU
		{8C07FA63-CF5F-4F6E-B858-C8DD401A8466}.Debug|Any CPU.Build.0 = Debug|Any CPU
		{8C07FA63-CF5F-4F6E-B858-C8DD401A8466}.Release|Any CPU.ActiveCfg = Release|Any CPU
		{8C07FA63-CF5F-4F6E-B858-C8DD401A8466}.Release|Any CPU.Build.0 = Release|Any CPU
		{7888257E-6F2E-4EA8-9FB0-54F65182D0F4}.Debug|Any CPU.ActiveCfg = Debug|Any CPU
		{7888257E-6F2E-4EA8-9FB0-54F65182D0F4}.Debug|Any CPU.Build.0 = Debug|Any CPU
		{7888257E-6F2E-4EA8-9FB0-54F65182D0F4}.Release|Any CPU.ActiveCfg = Release|Any CPU
		{7888257E-6F2E-4EA8-9FB0-54F65182D0F4}.Release|Any CPU.Build.0 = Release|Any CPU
		{D6AAC3F9-68F0-4381-9E47-21D57F47C8A5}.Debug|Any CPU.ActiveCfg = Debug|Any CPU
		{D6AAC3F9-68F0-4381-9E47-21D57F47C8A5}.Debug|Any CPU.Build.0 = Debug|Any CPU
		{D6AAC3F9-68F0-4381-9E47-21D57F47C8A5}.Release|Any CPU.ActiveCfg = Release|Any CPU
		{D6AAC3F9-68F0-4381-9E47-21D57F47C8A5}.Release|Any CPU.Build.0 = Release|Any CPU
		{4D40E684-4406-4F4C-B3E5-66E4A31851B6}.Debug|Any CPU.ActiveCfg = Debug|Any CPU
		{4D40E684-4406-4F4C-B3E5-66E4A31851B6}.Debug|Any CPU.Build.0 = Debug|Any CPU
		{4D40E684-4406-4F4C-B3E5-66E4A31851B6}.Release|Any CPU.ActiveCfg = Release|Any CPU
		{4D40E684-4406-4F4C-B3E5-66E4A31851B6}.Release|Any CPU.Build.0 = Release|Any CPU
		{A0E478FB-648B-419D-8D72-26C6E552DA04}.Debug|Any CPU.ActiveCfg = Debug|Any CPU
		{A0E478FB-648B-419D-8D72-26C6E552DA04}.Debug|Any CPU.Build.0 = Debug|Any CPU
		{A0E478FB-648B-419D-8D72-26C6E552DA04}.Release|Any CPU.ActiveCfg = Release|Any CPU
		{A0E478FB-648B-419D-8D72-26C6E552DA04}.Release|Any CPU.Build.0 = Release|Any CPU
		{A9C5FA5D-88EC-4F29-A6DB-088834FF8D7C}.Debug|Any CPU.ActiveCfg = Debug|Any CPU
		{A9C5FA5D-88EC-4F29-A6DB-088834FF8D7C}.Debug|Any CPU.Build.0 = Debug|Any CPU
		{A9C5FA5D-88EC-4F29-A6DB-088834FF8D7C}.Release|Any CPU.ActiveCfg = Release|Any CPU
		{A9C5FA5D-88EC-4F29-A6DB-088834FF8D7C}.Release|Any CPU.Build.0 = Release|Any CPU
		{8EA60844-71FE-4710-836B-443D5BF26700}.Debug|Any CPU.ActiveCfg = Debug|Any CPU
		{8EA60844-71FE-4710-836B-443D5BF26700}.Debug|Any CPU.Build.0 = Debug|Any CPU
		{8EA60844-71FE-4710-836B-443D5BF26700}.Release|Any CPU.ActiveCfg = Release|Any CPU
		{8EA60844-71FE-4710-836B-443D5BF26700}.Release|Any CPU.Build.0 = Release|Any CPU
	EndGlobalSection
	GlobalSection(SolutionProperties) = preSolution
		HideSolutionNode = FALSE
	EndGlobalSection
	GlobalSection(NestedProjects) = preSolution
		{BD027D85-AAFF-4F09-A237-4F9EDA7C9ABD} = {97EB52BE-1126-4318-B9A9-BB5A9B7E5148}
		{67326275-3AC5-439D-90B2-5A872DBCE6A3} = {BD027D85-AAFF-4F09-A237-4F9EDA7C9ABD}
		{7131BD97-1EEF-45A0-8421-A91A7CAB1FB3} = {BDF10B18-637D-46F6-9E24-9F89291D5B42}
		{8407DD4F-4ECD-4DE4-A0B8-F7DEF157CF23} = {97EB52BE-1126-4318-B9A9-BB5A9B7E5148}
		{4F866837-905A-4774-BEEA-F0FF70C42029} = {8407DD4F-4ECD-4DE4-A0B8-F7DEF157CF23}
		{18FA2FF6-1494-4FD8-A220-AB2E65B1228D} = {BDF10B18-637D-46F6-9E24-9F89291D5B42}
		{9C6D4929-48A2-4C1A-9C9A-4B381701AD66} = {97EB52BE-1126-4318-B9A9-BB5A9B7E5148}
		{8C07FA63-CF5F-4F6E-B858-C8DD401A8466} = {9C6D4929-48A2-4C1A-9C9A-4B381701AD66}
		{DC8D4952-BEA5-4C49-8E70-445C4AAB0D68} = {97EB52BE-1126-4318-B9A9-BB5A9B7E5148}
		{7888257E-6F2E-4EA8-9FB0-54F65182D0F4} = {DC8D4952-BEA5-4C49-8E70-445C4AAB0D68}
		{D6AAC3F9-68F0-4381-9E47-21D57F47C8A5} = {DC8D4952-BEA5-4C49-8E70-445C4AAB0D68}
		{4D40E684-4406-4F4C-B3E5-66E4A31851B6} = {DC8D4952-BEA5-4C49-8E70-445C4AAB0D68}
		{A0E478FB-648B-419D-8D72-26C6E552DA04} = {DC8D4952-BEA5-4C49-8E70-445C4AAB0D68}
		{A9C5FA5D-88EC-4F29-A6DB-088834FF8D7C} = {D8091E74-F17B-41D5-A613-34B9EF29B8E8}
		{8EA60844-71FE-4710-836B-443D5BF26700} = {468F0A6F-6B54-40AF-9FD2-94BAF05491FB}
	EndGlobalSection
	GlobalSection(ExtensibilityGlobals) = postSolution
		SolutionGuid = {2817DC54-3DE5-4CC5-8D2B-07E68C5F1F84}
	EndGlobalSection
EndGlobal
